// !$*UTF8*$!
{
	archiveVersion = 1;
	classes = {
	};
	objectVersion = 50;
	objects = {

/* Begin PBXBuildFile section */
		031CC45321DE43B80025E068 /* DevicesListViewController.swift in Sources */ = {isa = PBXBuildFile; fileRef = 031CC45221DE43B80025E068 /* DevicesListViewController.swift */; };
		031CC45521DE43C20025E068 /* Devices.storyboard in Resources */ = {isa = PBXBuildFile; fileRef = 031CC45421DE43C20025E068 /* Devices.storyboard */; };
		031EE20521A2EEB600E9E91E /* Timer+CoreDataClass.swift in Sources */ = {isa = PBXBuildFile; fileRef = 031EE20321A2EEB600E9E91E /* Timer+CoreDataClass.swift */; };
		031EE20621A2EEB600E9E91E /* Timer+CoreDataProperties.swift in Sources */ = {isa = PBXBuildFile; fileRef = 031EE20421A2EEB600E9E91E /* Timer+CoreDataProperties.swift */; };
		0333052321BB349700603519 /* RemoteControlConfig.swift in Sources */ = {isa = PBXBuildFile; fileRef = 0333052221BB349700603519 /* RemoteControlConfig.swift */; };
		0333052521BB34C200603519 /* BluetoothCoordinator.swift in Sources */ = {isa = PBXBuildFile; fileRef = 0333052421BB34C200603519 /* BluetoothCoordinator.swift */; };
		0333052721BB34E800603519 /* BluetoothFlow.swift in Sources */ = {isa = PBXBuildFile; fileRef = 0333052621BB34E800603519 /* BluetoothFlow.swift */; };
		0333052921BB352200603519 /* Bluetooth.swift in Sources */ = {isa = PBXBuildFile; fileRef = 0333052821BB352200603519 /* Bluetooth.swift */; };
		033B2E6C21D398EA00971D08 /* BluetoothBackgroundHandler.swift in Sources */ = {isa = PBXBuildFile; fileRef = 033B2E6B21D398EA00971D08 /* BluetoothBackgroundHandler.swift */; };
		034E67CA21DF960400E70F88 /* DevicesListCustomCell.swift in Sources */ = {isa = PBXBuildFile; fileRef = 034E67C921DF960400E70F88 /* DevicesListCustomCell.swift */; };
		0357FBDB218607A30043A828 /* AppDelegate.swift in Sources */ = {isa = PBXBuildFile; fileRef = 0357FBDA218607A30043A828 /* AppDelegate.swift */; };
		0357FBE3218607A30043A828 /* DewertOkin.xcdatamodeld in Sources */ = {isa = PBXBuildFile; fileRef = 0357FBE1218607A30043A828 /* DewertOkin.xcdatamodeld */; };
		0357FBE5218607A30043A828 /* Assets.xcassets in Resources */ = {isa = PBXBuildFile; fileRef = 0357FBE4218607A30043A828 /* Assets.xcassets */; };
		0357FBE8218607A30043A828 /* LaunchScreen.storyboard in Resources */ = {isa = PBXBuildFile; fileRef = 0357FBE6218607A30043A828 /* LaunchScreen.storyboard */; };
		0357FBF3218607A40043A828 /* DewertOkinTests.swift in Sources */ = {isa = PBXBuildFile; fileRef = 0357FBF2218607A40043A828 /* DewertOkinTests.swift */; };
		0357FBFE218607A40043A828 /* DewertOkinUITests.swift in Sources */ = {isa = PBXBuildFile; fileRef = 0357FBFD218607A40043A828 /* DewertOkinUITests.swift */; };
		035B860521C536C300A032AE /* BluetoothCentral.swift in Sources */ = {isa = PBXBuildFile; fileRef = 035B860421C536C300A032AE /* BluetoothCentral.swift */; };
		035B860721C536CE00A032AE /* BluetoothPeripheral.swift in Sources */ = {isa = PBXBuildFile; fileRef = 035B860621C536CE00A032AE /* BluetoothPeripheral.swift */; };
		0370112621E33D2100459A51 /* DevicesListTableViewExtension.swift in Sources */ = {isa = PBXBuildFile; fileRef = 0370112521E33D2100459A51 /* DevicesListTableViewExtension.swift */; };
		03AE0EC021BFB4EA00CEDC81 /* BluetoothPairingViewController.swift in Sources */ = {isa = PBXBuildFile; fileRef = 03AE0EBE21BFB4EA00CEDC81 /* BluetoothPairingViewController.swift */; };
		03AE0EC121BFB4EA00CEDC81 /* BluetoothPairing.storyboard in Resources */ = {isa = PBXBuildFile; fileRef = 03AE0EBF21BFB4EA00CEDC81 /* BluetoothPairing.storyboard */; };
		03E9875C219447E000189C97 /* Reminders.swift in Sources */ = {isa = PBXBuildFile; fileRef = 03E9875B219447E000189C97 /* Reminders.swift */; };
		03E9875E2194483D00189C97 /* PersistenceService.swift in Sources */ = {isa = PBXBuildFile; fileRef = 03E9875D2194483D00189C97 /* PersistenceService.swift */; };
		03E98764219452D300189C97 /* Reminder.storyboard in Resources */ = {isa = PBXBuildFile; fileRef = 03E98763219452D300189C97 /* Reminder.storyboard */; };
		03E987682194631300189C97 /* NotificationCenter.framework in Frameworks */ = {isa = PBXBuildFile; fileRef = 03E987652194631300189C97 /* NotificationCenter.framework */; };
		03E987692194631300189C97 /* UserNotifications.framework in Frameworks */ = {isa = PBXBuildFile; fileRef = 03E987662194631300189C97 /* UserNotifications.framework */; };
		03E9876A2194631300189C97 /* UserNotificationsUI.framework in Frameworks */ = {isa = PBXBuildFile; fileRef = 03E987672194631300189C97 /* UserNotificationsUI.framework */; };
		4B54CBF2759AFFD448783FF0 /* Pods_DewertOkin.framework in Frameworks */ = {isa = PBXBuildFile; fileRef = 760ACA889C33095547297AF1 /* Pods_DewertOkin.framework */; };
		85919DE721943DCC0026AD28 /* CoreData.framework in Frameworks */ = {isa = PBXBuildFile; fileRef = 85919DE621943DCC0026AD28 /* CoreData.framework */; settings = {ATTRIBUTES = (Required, ); }; };
		CD100F4721DB973200DBAAB9 /* BluetoothPairingConnectViewController.swift in Sources */ = {isa = PBXBuildFile; fileRef = 03CCD9EC21CB8494007D6109 /* BluetoothPairingConnectViewController.swift */; };
		CD100F4921DE7B9000DBAAB9 /* MainViewController.swift in Sources */ = {isa = PBXBuildFile; fileRef = CD100F4821DE7B9000DBAAB9 /* MainViewController.swift */; };
		CD100F4B21DFC89100DBAAB9 /* AlarmViewController.swift in Sources */ = {isa = PBXBuildFile; fileRef = CD100F4A21DFC89100DBAAB9 /* AlarmViewController.swift */; };
		CD100F4D21DFF25400DBAAB9 /* ExecutingPresetViewController.swift in Sources */ = {isa = PBXBuildFile; fileRef = CD100F4C21DFF25400DBAAB9 /* ExecutingPresetViewController.swift */; };
		CD100F4F21E0239600DBAAB9 /* AlarmCreation.swift in Sources */ = {isa = PBXBuildFile; fileRef = CD100F4E21E0239500DBAAB9 /* AlarmCreation.swift */; };
		CD100F5121E21F2B00DBAAB9 /* ActivityTracker.swift in Sources */ = {isa = PBXBuildFile; fileRef = CD100F5021E21F2B00DBAAB9 /* ActivityTracker.swift */; };
		CD100F5321E368B500DBAAB9 /* ActivityTracker+Helpers.swift in Sources */ = {isa = PBXBuildFile; fileRef = CD100F5221E368B500DBAAB9 /* ActivityTracker+Helpers.swift */; };
		CD3397CD21B2A8A200D749FA /* AchievementModel.swift in Sources */ = {isa = PBXBuildFile; fileRef = CD3397CC21B2A8A200D749FA /* AchievementModel.swift */; };
		CD3397D121B2B0AF00D749FA /* Achievement.swift in Sources */ = {isa = PBXBuildFile; fileRef = CD3397D021B2B0AF00D749FA /* Achievement.swift */; };
		CD55480C2191BDE300182CE0 /* SettingsMore.storyboard in Resources */ = {isa = PBXBuildFile; fileRef = CD55480B2191BDE300182CE0 /* SettingsMore.storyboard */; };
		CD55480E2191BE4F00182CE0 /* SettingTableViewController.swift in Sources */ = {isa = PBXBuildFile; fileRef = CD55480D2191BE4F00182CE0 /* SettingTableViewController.swift */; };
		CD7D582421E7FF36001C9CA6 /* HealthTableViewController.swift in Sources */ = {isa = PBXBuildFile; fileRef = CD7D582321E7FF35001C9CA6 /* HealthTableViewController.swift */; };
		CD7D582621E8FC62001C9CA6 /* AddReminderViewController.swift in Sources */ = {isa = PBXBuildFile; fileRef = CD7D582521E8FC62001C9CA6 /* AddReminderViewController.swift */; };
		CD83CAF821A340230082475B /* AchievementsTableViewCell.swift in Sources */ = {isa = PBXBuildFile; fileRef = CD83CAF721A340230082475B /* AchievementsTableViewCell.swift */; };
		CD945289219C3D0D00280A66 /* AchievementsStoryboard.storyboard in Resources */ = {isa = PBXBuildFile; fileRef = CD945288219C3D0D00280A66 /* AchievementsStoryboard.storyboard */; };
		CD94528E219C3D9100280A66 /* AccessoriesStoryboard.storyboard in Resources */ = {isa = PBXBuildFile; fileRef = CD94528D219C3D9100280A66 /* AccessoriesStoryboard.storyboard */; };
		CD945294219C429400280A66 /* Accessorie.swift in Sources */ = {isa = PBXBuildFile; fileRef = CD945293219C429400280A66 /* Accessorie.swift */; };
		CD97E83E21D68CFF009C64E4 /* HealthViewController.swift in Sources */ = {isa = PBXBuildFile; fileRef = CD97E83D21D68CFF009C64E4 /* HealthViewController.swift */; };
		CD97E84321D94250009C64E4 /* NewTimerTableViewController.swift in Sources */ = {isa = PBXBuildFile; fileRef = CD97E84221D94250009C64E4 /* NewTimerTableViewController.swift */; };
		CD97E84521D986A4009C64E4 /* NewTimerListTableViewController.swift in Sources */ = {isa = PBXBuildFile; fileRef = CD97E84421D986A4009C64E4 /* NewTimerListTableViewController.swift */; };
		CDB5B11621B5B9FE000D92A4 /* OldRemote.storyboard in Resources */ = {isa = PBXBuildFile; fileRef = CDB5B11521B5B9FE000D92A4 /* OldRemote.storyboard */; };
		CDB5B11821B5BA38000D92A4 /* OldRemoteViewController.swift in Sources */ = {isa = PBXBuildFile; fileRef = CDB5B11721B5BA38000D92A4 /* OldRemoteViewController.swift */; };
		CDBCC0BE21C7A85A0014451C /* HealthKit.framework in Frameworks */ = {isa = PBXBuildFile; fileRef = CDBCC0BD21C7A85A0014451C /* HealthKit.framework */; };
		CDC3FDE921A479F600EFF523 /* AccessoriesTableViewController.swift in Sources */ = {isa = PBXBuildFile; fileRef = CDC3FDE821A479F600EFF523 /* AccessoriesTableViewController.swift */; };
		CDC3FDEB21A47AFA00EFF523 /* AccessorieTableViewCell.swift in Sources */ = {isa = PBXBuildFile; fileRef = CDC3FDEA21A47AFA00EFF523 /* AccessorieTableViewCell.swift */; };
		CDC3FDED21A48C8500EFF523 /* SectionTableViewCell.swift in Sources */ = {isa = PBXBuildFile; fileRef = CDC3FDEC21A48C8500EFF523 /* SectionTableViewCell.swift */; };
		CDCBA82221EBD97D006BF55F /* NewPresetsController.swift in Sources */ = {isa = PBXBuildFile; fileRef = CDCBA82121EBD97D006BF55F /* NewPresetsController.swift */; };
		CDD35A6421B2F5C7006B35FB /* AchievementType.swift in Sources */ = {isa = PBXBuildFile; fileRef = CDD35A6321B2F5C7006B35FB /* AchievementType.swift */; };
		CDFFC96C21C04372005C5821 /* NearestVendor.storyboard in Resources */ = {isa = PBXBuildFile; fileRef = CDFFC96B21C04372005C5821 /* NearestVendor.storyboard */; };
		CDFFC96E21C0438E005C5821 /* NearestVendorViewController.swift in Sources */ = {isa = PBXBuildFile; fileRef = CDFFC96D21C0438E005C5821 /* NearestVendorViewController.swift */; };
		CDFFC97021C04776005C5821 /* OkinStore.swift in Sources */ = {isa = PBXBuildFile; fileRef = CDFFC96F21C04776005C5821 /* OkinStore.swift */; };
		CDFFC97521C07C8B005C5821 /* Health.swift in Sources */ = {isa = PBXBuildFile; fileRef = CDFFC97421C07C8B005C5821 /* Health.swift */; };
		FA187F45219C25E700DE3BC0 /* addReminder.swift in Sources */ = {isa = PBXBuildFile; fileRef = FA187F44219C25E700DE3BC0 /* addReminder.swift */; };
		FA19A2F621D370900032A4E7 /* RFPairingController1.swift in Sources */ = {isa = PBXBuildFile; fileRef = FA19A2F521D370900032A4E7 /* RFPairingController1.swift */; };
		FA19A2F821D370AE0032A4E7 /* RFPairing.storyboard in Resources */ = {isa = PBXBuildFile; fileRef = FA19A2F721D370AE0032A4E7 /* RFPairing.storyboard */; };
		FA19A2FA21D370CE0032A4E7 /* CSVReader.swift in Sources */ = {isa = PBXBuildFile; fileRef = FA19A2F921D370CE0032A4E7 /* CSVReader.swift */; };
		FA19A2FC21D3722D0032A4E7 /* handsender1.csv in Resources */ = {isa = PBXBuildFile; fileRef = FA19A2FB21D3722D0032A4E7 /* handsender1.csv */; };
		FA19A30021D527500032A4E7 /* rotationTransition.swift in Sources */ = {isa = PBXBuildFile; fileRef = FA19A2FF21D527500032A4E7 /* rotationTransition.swift */; };
		FA2C9CFD21AF28E20018545A /* SecondRemote.storyboard in Resources */ = {isa = PBXBuildFile; fileRef = FA2C9CFC21AF28E20018545A /* SecondRemote.storyboard */; };
		FABC760F21B03592003BEF66 /* RemoteController.swift in Sources */ = {isa = PBXBuildFile; fileRef = FABC760E21B03592003BEF66 /* RemoteController.swift */; };
		FAC415AF21DF60E900F4B5AC /* RemoteAnalyzer.swift in Sources */ = {isa = PBXBuildFile; fileRef = FAC415AE21DF60E900F4B5AC /* RemoteAnalyzer.swift */; };
		FAD177EA2191C3D70031E4E3 /* AchievementsTableViewController.swift in Sources */ = {isa = PBXBuildFile; fileRef = FAD177E92191C3D70031E4E3 /* AchievementsTableViewController.swift */; };
		FAE52D3221D5562700121B54 /* RFPairingController2.swift in Sources */ = {isa = PBXBuildFile; fileRef = FAE52D3121D5562700121B54 /* RFPairingController2.swift */; };
		FAE52D3421D556DB00121B54 /* RFPairingController3.swift in Sources */ = {isa = PBXBuildFile; fileRef = FAE52D3321D556DB00121B54 /* RFPairingController3.swift */; };
		FAE52D3621D6B54800121B54 /* Remote.swift in Sources */ = {isa = PBXBuildFile; fileRef = FAE52D3521D6B54800121B54 /* Remote.swift */; };
		FAE52D3821D784F400121B54 /* DeviceStyle.swift in Sources */ = {isa = PBXBuildFile; fileRef = FAE52D3721D784F400121B54 /* DeviceStyle.swift */; };
		FAE52D3A21D78BA100121B54 /* RemoteControllerExtension.swift in Sources */ = {isa = PBXBuildFile; fileRef = FAE52D3921D78BA100121B54 /* RemoteControllerExtension.swift */; };
		FAE52D3C21D7929800121B54 /* RemoteControllerExtensionDarkMode.swift in Sources */ = {isa = PBXBuildFile; fileRef = FAE52D3B21D7929800121B54 /* RemoteControllerExtensionDarkMode.swift */; };
		FAE52D3E21D7935700121B54 /* RemoteControllerExtensionBLE.swift in Sources */ = {isa = PBXBuildFile; fileRef = FAE52D3D21D7935700121B54 /* RemoteControllerExtensionBLE.swift */; };
		FAE52D4021D7B80200121B54 /* pullUpSegue.swift in Sources */ = {isa = PBXBuildFile; fileRef = FAE52D3F21D7B80200121B54 /* pullUpSegue.swift */; };
		FAE52D4321D7BE5400121B54 /* PresetsController.swift in Sources */ = {isa = PBXBuildFile; fileRef = FAE52D4221D7BE5400121B54 /* PresetsController.swift */; };
		FAE52D4521D7BEBF00121B54 /* ExtraFunctionsController.swift in Sources */ = {isa = PBXBuildFile; fileRef = FAE52D4421D7BEBF00121B54 /* ExtraFunctionsController.swift */; };
		FAE52D4721D902E000121B54 /* ExtraFunctionsControllerExtension.swift in Sources */ = {isa = PBXBuildFile; fileRef = FAE52D4621D902E000121B54 /* ExtraFunctionsControllerExtension.swift */; };
		FAE52D4B21D909BD00121B54 /* PresetsControllerExtension.swift in Sources */ = {isa = PBXBuildFile; fileRef = FAE52D4A21D909BD00121B54 /* PresetsControllerExtension.swift */; };
		FAE52D4E21D924D400121B54 /* AddPresetController.swift in Sources */ = {isa = PBXBuildFile; fileRef = FAE52D4D21D924D400121B54 /* AddPresetController.swift */; };
		FAE52D5021DA485500121B54 /* DeviceObject.swift in Sources */ = {isa = PBXBuildFile; fileRef = FAE52D4F21DA485500121B54 /* DeviceObject.swift */; };
/* End PBXBuildFile section */

/* Begin PBXContainerItemProxy section */
		0357FBEF218607A40043A828 /* PBXContainerItemProxy */ = {
			isa = PBXContainerItemProxy;
			containerPortal = 0357FBCF218607A30043A828 /* Project object */;
			proxyType = 1;
			remoteGlobalIDString = 0357FBD6218607A30043A828;
			remoteInfo = DewertOkin;
		};
		0357FBFA218607A40043A828 /* PBXContainerItemProxy */ = {
			isa = PBXContainerItemProxy;
			containerPortal = 0357FBCF218607A30043A828 /* Project object */;
			proxyType = 1;
			remoteGlobalIDString = 0357FBD6218607A30043A828;
			remoteInfo = DewertOkin;
		};
/* End PBXContainerItemProxy section */

/* Begin PBXFileReference section */
		031CC45221DE43B80025E068 /* DevicesListViewController.swift */ = {isa = PBXFileReference; lastKnownFileType = sourcecode.swift; path = DevicesListViewController.swift; sourceTree = "<group>"; };
		031CC45421DE43C20025E068 /* Devices.storyboard */ = {isa = PBXFileReference; lastKnownFileType = file.storyboard; path = Devices.storyboard; sourceTree = "<group>"; };
		031EE20321A2EEB600E9E91E /* Timer+CoreDataClass.swift */ = {isa = PBXFileReference; lastKnownFileType = sourcecode.swift; path = "Timer+CoreDataClass.swift"; sourceTree = "<group>"; };
		031EE20421A2EEB600E9E91E /* Timer+CoreDataProperties.swift */ = {isa = PBXFileReference; lastKnownFileType = sourcecode.swift; path = "Timer+CoreDataProperties.swift"; sourceTree = "<group>"; };
		0333052221BB349700603519 /* RemoteControlConfig.swift */ = {isa = PBXFileReference; lastKnownFileType = sourcecode.swift; path = RemoteControlConfig.swift; sourceTree = "<group>"; };
		0333052421BB34C200603519 /* BluetoothCoordinator.swift */ = {isa = PBXFileReference; lastKnownFileType = sourcecode.swift; path = BluetoothCoordinator.swift; sourceTree = "<group>"; };
		0333052621BB34E800603519 /* BluetoothFlow.swift */ = {isa = PBXFileReference; lastKnownFileType = sourcecode.swift; path = BluetoothFlow.swift; sourceTree = "<group>"; };
		0333052821BB352200603519 /* Bluetooth.swift */ = {isa = PBXFileReference; lastKnownFileType = sourcecode.swift; path = Bluetooth.swift; sourceTree = "<group>"; };
		033B2E6B21D398EA00971D08 /* BluetoothBackgroundHandler.swift */ = {isa = PBXFileReference; lastKnownFileType = sourcecode.swift; path = BluetoothBackgroundHandler.swift; sourceTree = "<group>"; };
		034E67C921DF960400E70F88 /* DevicesListCustomCell.swift */ = {isa = PBXFileReference; lastKnownFileType = sourcecode.swift; path = DevicesListCustomCell.swift; sourceTree = "<group>"; };
		0357FBD7218607A30043A828 /* DewertOkin.app */ = {isa = PBXFileReference; explicitFileType = wrapper.application; includeInIndex = 0; path = DewertOkin.app; sourceTree = BUILT_PRODUCTS_DIR; };
		0357FBDA218607A30043A828 /* AppDelegate.swift */ = {isa = PBXFileReference; lastKnownFileType = sourcecode.swift; path = AppDelegate.swift; sourceTree = "<group>"; };
		0357FBE2218607A30043A828 /* DewertOkin.xcdatamodel */ = {isa = PBXFileReference; lastKnownFileType = wrapper.xcdatamodel; path = DewertOkin.xcdatamodel; sourceTree = "<group>"; };
		0357FBE4218607A30043A828 /* Assets.xcassets */ = {isa = PBXFileReference; lastKnownFileType = folder.assetcatalog; path = Assets.xcassets; sourceTree = "<group>"; };
		0357FBE7218607A30043A828 /* Base */ = {isa = PBXFileReference; lastKnownFileType = file.storyboard; name = Base; path = Base.lproj/LaunchScreen.storyboard; sourceTree = "<group>"; };
		0357FBE9218607A30043A828 /* Info.plist */ = {isa = PBXFileReference; lastKnownFileType = text.plist.xml; path = Info.plist; sourceTree = "<group>"; };
		0357FBEE218607A40043A828 /* DewertOkinTests.xctest */ = {isa = PBXFileReference; explicitFileType = wrapper.cfbundle; includeInIndex = 0; path = DewertOkinTests.xctest; sourceTree = BUILT_PRODUCTS_DIR; };
		0357FBF2218607A40043A828 /* DewertOkinTests.swift */ = {isa = PBXFileReference; lastKnownFileType = sourcecode.swift; path = DewertOkinTests.swift; sourceTree = "<group>"; };
		0357FBF4218607A40043A828 /* Info.plist */ = {isa = PBXFileReference; lastKnownFileType = text.plist.xml; path = Info.plist; sourceTree = "<group>"; };
		0357FBF9218607A40043A828 /* DewertOkinUITests.xctest */ = {isa = PBXFileReference; explicitFileType = wrapper.cfbundle; includeInIndex = 0; path = DewertOkinUITests.xctest; sourceTree = BUILT_PRODUCTS_DIR; };
		0357FBFD218607A40043A828 /* DewertOkinUITests.swift */ = {isa = PBXFileReference; lastKnownFileType = sourcecode.swift; path = DewertOkinUITests.swift; sourceTree = "<group>"; };
		0357FBFF218607A40043A828 /* Info.plist */ = {isa = PBXFileReference; lastKnownFileType = text.plist.xml; path = Info.plist; sourceTree = "<group>"; };
		035B860421C536C300A032AE /* BluetoothCentral.swift */ = {isa = PBXFileReference; lastKnownFileType = sourcecode.swift; path = BluetoothCentral.swift; sourceTree = "<group>"; };
		035B860621C536CE00A032AE /* BluetoothPeripheral.swift */ = {isa = PBXFileReference; lastKnownFileType = sourcecode.swift; path = BluetoothPeripheral.swift; sourceTree = "<group>"; };
		0370112521E33D2100459A51 /* DevicesListTableViewExtension.swift */ = {isa = PBXFileReference; lastKnownFileType = sourcecode.swift; path = DevicesListTableViewExtension.swift; sourceTree = "<group>"; };
		03AE0EBE21BFB4EA00CEDC81 /* BluetoothPairingViewController.swift */ = {isa = PBXFileReference; fileEncoding = 4; lastKnownFileType = sourcecode.swift; path = BluetoothPairingViewController.swift; sourceTree = "<group>"; };
		03AE0EBF21BFB4EA00CEDC81 /* BluetoothPairing.storyboard */ = {isa = PBXFileReference; fileEncoding = 4; lastKnownFileType = file.storyboard; path = BluetoothPairing.storyboard; sourceTree = "<group>"; };
		03CCD9EC21CB8494007D6109 /* BluetoothPairingConnectViewController.swift */ = {isa = PBXFileReference; lastKnownFileType = sourcecode.swift; path = BluetoothPairingConnectViewController.swift; sourceTree = "<group>"; };
		03E9875B219447E000189C97 /* Reminders.swift */ = {isa = PBXFileReference; lastKnownFileType = sourcecode.swift; path = Reminders.swift; sourceTree = "<group>"; };
		03E9875D2194483D00189C97 /* PersistenceService.swift */ = {isa = PBXFileReference; lastKnownFileType = sourcecode.swift; path = PersistenceService.swift; sourceTree = "<group>"; };
		03E98763219452D300189C97 /* Reminder.storyboard */ = {isa = PBXFileReference; lastKnownFileType = file.storyboard; path = Reminder.storyboard; sourceTree = "<group>"; };
		03E987652194631300189C97 /* NotificationCenter.framework */ = {isa = PBXFileReference; lastKnownFileType = wrapper.framework; name = NotificationCenter.framework; path = System/Library/Frameworks/NotificationCenter.framework; sourceTree = SDKROOT; };
		03E987662194631300189C97 /* UserNotifications.framework */ = {isa = PBXFileReference; lastKnownFileType = wrapper.framework; name = UserNotifications.framework; path = System/Library/Frameworks/UserNotifications.framework; sourceTree = SDKROOT; };
		03E987672194631300189C97 /* UserNotificationsUI.framework */ = {isa = PBXFileReference; lastKnownFileType = wrapper.framework; name = UserNotificationsUI.framework; path = System/Library/Frameworks/UserNotificationsUI.framework; sourceTree = SDKROOT; };
		66B96800A32AF456A1DA4FEE /* Pods-DewertOkin.release.xcconfig */ = {isa = PBXFileReference; includeInIndex = 1; lastKnownFileType = text.xcconfig; name = "Pods-DewertOkin.release.xcconfig"; path = "Pods/Target Support Files/Pods-DewertOkin/Pods-DewertOkin.release.xcconfig"; sourceTree = "<group>"; };
		760ACA889C33095547297AF1 /* Pods_DewertOkin.framework */ = {isa = PBXFileReference; explicitFileType = wrapper.framework; includeInIndex = 0; path = Pods_DewertOkin.framework; sourceTree = BUILT_PRODUCTS_DIR; };
		85919DE621943DCC0026AD28 /* CoreData.framework */ = {isa = PBXFileReference; lastKnownFileType = wrapper.framework; name = CoreData.framework; path = System/Library/Frameworks/CoreData.framework; sourceTree = SDKROOT; };
		B0FFC79E97882B928D61CF45 /* Pods-DewertOkin.debug.xcconfig */ = {isa = PBXFileReference; includeInIndex = 1; lastKnownFileType = text.xcconfig; name = "Pods-DewertOkin.debug.xcconfig"; path = "Pods/Target Support Files/Pods-DewertOkin/Pods-DewertOkin.debug.xcconfig"; sourceTree = "<group>"; };
		CD100F4821DE7B9000DBAAB9 /* MainViewController.swift */ = {isa = PBXFileReference; lastKnownFileType = sourcecode.swift; path = MainViewController.swift; sourceTree = "<group>"; };
		CD100F4A21DFC89100DBAAB9 /* AlarmViewController.swift */ = {isa = PBXFileReference; lastKnownFileType = sourcecode.swift; path = AlarmViewController.swift; sourceTree = "<group>"; };
		CD100F4C21DFF25400DBAAB9 /* ExecutingPresetViewController.swift */ = {isa = PBXFileReference; lastKnownFileType = sourcecode.swift; path = ExecutingPresetViewController.swift; sourceTree = "<group>"; };
		CD100F4E21E0239500DBAAB9 /* AlarmCreation.swift */ = {isa = PBXFileReference; lastKnownFileType = sourcecode.swift; path = AlarmCreation.swift; sourceTree = "<group>"; };
		CD100F5021E21F2B00DBAAB9 /* ActivityTracker.swift */ = {isa = PBXFileReference; lastKnownFileType = sourcecode.swift; path = ActivityTracker.swift; sourceTree = "<group>"; };
		CD100F5221E368B500DBAAB9 /* ActivityTracker+Helpers.swift */ = {isa = PBXFileReference; lastKnownFileType = sourcecode.swift; path = "ActivityTracker+Helpers.swift"; sourceTree = "<group>"; };
		CD3397CC21B2A8A200D749FA /* AchievementModel.swift */ = {isa = PBXFileReference; lastKnownFileType = sourcecode.swift; path = AchievementModel.swift; sourceTree = "<group>"; };
		CD3397D021B2B0AF00D749FA /* Achievement.swift */ = {isa = PBXFileReference; lastKnownFileType = sourcecode.swift; path = Achievement.swift; sourceTree = "<group>"; };
		CD55480B2191BDE300182CE0 /* SettingsMore.storyboard */ = {isa = PBXFileReference; lastKnownFileType = file.storyboard; path = SettingsMore.storyboard; sourceTree = "<group>"; };
		CD55480D2191BE4F00182CE0 /* SettingTableViewController.swift */ = {isa = PBXFileReference; lastKnownFileType = sourcecode.swift; path = SettingTableViewController.swift; sourceTree = "<group>"; };
		CD7D582321E7FF35001C9CA6 /* HealthTableViewController.swift */ = {isa = PBXFileReference; fileEncoding = 4; lastKnownFileType = sourcecode.swift; name = HealthTableViewController.swift; path = ../../../../../Documents/HealthTableViewController.swift; sourceTree = "<group>"; };
		CD7D582521E8FC62001C9CA6 /* AddReminderViewController.swift */ = {isa = PBXFileReference; lastKnownFileType = sourcecode.swift; path = AddReminderViewController.swift; sourceTree = "<group>"; };
		CD83CAF721A340230082475B /* AchievementsTableViewCell.swift */ = {isa = PBXFileReference; lastKnownFileType = sourcecode.swift; path = AchievementsTableViewCell.swift; sourceTree = "<group>"; };
		CD945288219C3D0D00280A66 /* AchievementsStoryboard.storyboard */ = {isa = PBXFileReference; lastKnownFileType = file.storyboard; path = AchievementsStoryboard.storyboard; sourceTree = "<group>"; };
		CD94528D219C3D9100280A66 /* AccessoriesStoryboard.storyboard */ = {isa = PBXFileReference; lastKnownFileType = file.storyboard; path = AccessoriesStoryboard.storyboard; sourceTree = "<group>"; };
		CD945293219C429400280A66 /* Accessorie.swift */ = {isa = PBXFileReference; lastKnownFileType = sourcecode.swift; path = Accessorie.swift; sourceTree = "<group>"; };
		CD97E83D21D68CFF009C64E4 /* HealthViewController.swift */ = {isa = PBXFileReference; lastKnownFileType = sourcecode.swift; path = HealthViewController.swift; sourceTree = "<group>"; };
		CD97E84221D94250009C64E4 /* NewTimerTableViewController.swift */ = {isa = PBXFileReference; lastKnownFileType = sourcecode.swift; path = NewTimerTableViewController.swift; sourceTree = "<group>"; };
		CD97E84421D986A4009C64E4 /* NewTimerListTableViewController.swift */ = {isa = PBXFileReference; lastKnownFileType = sourcecode.swift; path = NewTimerListTableViewController.swift; sourceTree = "<group>"; };
		CDB5B11521B5B9FE000D92A4 /* OldRemote.storyboard */ = {isa = PBXFileReference; lastKnownFileType = file.storyboard; path = OldRemote.storyboard; sourceTree = "<group>"; };
		CDB5B11721B5BA38000D92A4 /* OldRemoteViewController.swift */ = {isa = PBXFileReference; lastKnownFileType = sourcecode.swift; path = OldRemoteViewController.swift; sourceTree = "<group>"; };
		CDBCC0BD21C7A85A0014451C /* HealthKit.framework */ = {isa = PBXFileReference; lastKnownFileType = wrapper.framework; name = HealthKit.framework; path = System/Library/Frameworks/HealthKit.framework; sourceTree = SDKROOT; };
		CDC3FDE821A479F600EFF523 /* AccessoriesTableViewController.swift */ = {isa = PBXFileReference; lastKnownFileType = sourcecode.swift; path = AccessoriesTableViewController.swift; sourceTree = "<group>"; };
		CDC3FDEA21A47AFA00EFF523 /* AccessorieTableViewCell.swift */ = {isa = PBXFileReference; lastKnownFileType = sourcecode.swift; path = AccessorieTableViewCell.swift; sourceTree = "<group>"; };
		CDC3FDEC21A48C8500EFF523 /* SectionTableViewCell.swift */ = {isa = PBXFileReference; lastKnownFileType = sourcecode.swift; path = SectionTableViewCell.swift; sourceTree = "<group>"; };
		CDCBA82121EBD97D006BF55F /* NewPresetsController.swift */ = {isa = PBXFileReference; lastKnownFileType = sourcecode.swift; path = NewPresetsController.swift; sourceTree = "<group>"; };
		CDD35A6321B2F5C7006B35FB /* AchievementType.swift */ = {isa = PBXFileReference; lastKnownFileType = sourcecode.swift; path = AchievementType.swift; sourceTree = "<group>"; };
		CDFFC96B21C04372005C5821 /* NearestVendor.storyboard */ = {isa = PBXFileReference; lastKnownFileType = file.storyboard; path = NearestVendor.storyboard; sourceTree = "<group>"; };
		CDFFC96D21C0438E005C5821 /* NearestVendorViewController.swift */ = {isa = PBXFileReference; lastKnownFileType = sourcecode.swift; path = NearestVendorViewController.swift; sourceTree = "<group>"; };
		CDFFC96F21C04776005C5821 /* OkinStore.swift */ = {isa = PBXFileReference; lastKnownFileType = sourcecode.swift; path = OkinStore.swift; sourceTree = "<group>"; };
		CDFFC97321C073D0005C5821 /* DewertOkin.entitlements */ = {isa = PBXFileReference; lastKnownFileType = text.plist.entitlements; path = DewertOkin.entitlements; sourceTree = "<group>"; };
		CDFFC97421C07C8B005C5821 /* Health.swift */ = {isa = PBXFileReference; lastKnownFileType = sourcecode.swift; path = Health.swift; sourceTree = "<group>"; };
		FA187F44219C25E700DE3BC0 /* addReminder.swift */ = {isa = PBXFileReference; lastKnownFileType = sourcecode.swift; path = addReminder.swift; sourceTree = "<group>"; };
		FA19A2F521D370900032A4E7 /* RFPairingController1.swift */ = {isa = PBXFileReference; lastKnownFileType = sourcecode.swift; path = RFPairingController1.swift; sourceTree = "<group>"; };
		FA19A2F721D370AE0032A4E7 /* RFPairing.storyboard */ = {isa = PBXFileReference; lastKnownFileType = file.storyboard; path = RFPairing.storyboard; sourceTree = "<group>"; };
		FA19A2F921D370CE0032A4E7 /* CSVReader.swift */ = {isa = PBXFileReference; lastKnownFileType = sourcecode.swift; path = CSVReader.swift; sourceTree = "<group>"; };
		FA19A2FB21D3722D0032A4E7 /* handsender1.csv */ = {isa = PBXFileReference; fileEncoding = 4; lastKnownFileType = text; path = handsender1.csv; sourceTree = "<group>"; };
		FA19A2FF21D527500032A4E7 /* rotationTransition.swift */ = {isa = PBXFileReference; lastKnownFileType = sourcecode.swift; path = rotationTransition.swift; sourceTree = "<group>"; };
		FA2C9CFC21AF28E20018545A /* SecondRemote.storyboard */ = {isa = PBXFileReference; lastKnownFileType = file.storyboard; path = SecondRemote.storyboard; sourceTree = "<group>"; };
		FABC760E21B03592003BEF66 /* RemoteController.swift */ = {isa = PBXFileReference; lastKnownFileType = sourcecode.swift; path = RemoteController.swift; sourceTree = "<group>"; };
		FAC415AE21DF60E900F4B5AC /* RemoteAnalyzer.swift */ = {isa = PBXFileReference; lastKnownFileType = sourcecode.swift; path = RemoteAnalyzer.swift; sourceTree = "<group>"; };
		FAD177E92191C3D70031E4E3 /* AchievementsTableViewController.swift */ = {isa = PBXFileReference; explicitFileType = sourcecode.swift; path = AchievementsTableViewController.swift; sourceTree = "<group>"; };
		FAE52D3121D5562700121B54 /* RFPairingController2.swift */ = {isa = PBXFileReference; lastKnownFileType = sourcecode.swift; path = RFPairingController2.swift; sourceTree = "<group>"; };
		FAE52D3321D556DB00121B54 /* RFPairingController3.swift */ = {isa = PBXFileReference; lastKnownFileType = sourcecode.swift; path = RFPairingController3.swift; sourceTree = "<group>"; };
		FAE52D3521D6B54800121B54 /* Remote.swift */ = {isa = PBXFileReference; lastKnownFileType = sourcecode.swift; path = Remote.swift; sourceTree = "<group>"; };
		FAE52D3721D784F400121B54 /* DeviceStyle.swift */ = {isa = PBXFileReference; lastKnownFileType = sourcecode.swift; path = DeviceStyle.swift; sourceTree = "<group>"; };
		FAE52D3921D78BA100121B54 /* RemoteControllerExtension.swift */ = {isa = PBXFileReference; lastKnownFileType = sourcecode.swift; path = RemoteControllerExtension.swift; sourceTree = "<group>"; };
		FAE52D3B21D7929800121B54 /* RemoteControllerExtensionDarkMode.swift */ = {isa = PBXFileReference; lastKnownFileType = sourcecode.swift; path = RemoteControllerExtensionDarkMode.swift; sourceTree = "<group>"; };
		FAE52D3D21D7935700121B54 /* RemoteControllerExtensionBLE.swift */ = {isa = PBXFileReference; lastKnownFileType = sourcecode.swift; path = RemoteControllerExtensionBLE.swift; sourceTree = "<group>"; };
		FAE52D3F21D7B80200121B54 /* pullUpSegue.swift */ = {isa = PBXFileReference; lastKnownFileType = sourcecode.swift; path = pullUpSegue.swift; sourceTree = "<group>"; };
		FAE52D4221D7BE5400121B54 /* PresetsController.swift */ = {isa = PBXFileReference; lastKnownFileType = sourcecode.swift; path = PresetsController.swift; sourceTree = "<group>"; };
		FAE52D4421D7BEBF00121B54 /* ExtraFunctionsController.swift */ = {isa = PBXFileReference; lastKnownFileType = sourcecode.swift; path = ExtraFunctionsController.swift; sourceTree = "<group>"; };
		FAE52D4621D902E000121B54 /* ExtraFunctionsControllerExtension.swift */ = {isa = PBXFileReference; lastKnownFileType = sourcecode.swift; path = ExtraFunctionsControllerExtension.swift; sourceTree = "<group>"; };
		FAE52D4A21D909BD00121B54 /* PresetsControllerExtension.swift */ = {isa = PBXFileReference; lastKnownFileType = sourcecode.swift; path = PresetsControllerExtension.swift; sourceTree = "<group>"; };
		FAE52D4D21D924D400121B54 /* AddPresetController.swift */ = {isa = PBXFileReference; lastKnownFileType = sourcecode.swift; path = AddPresetController.swift; sourceTree = "<group>"; };
		FAE52D4F21DA485500121B54 /* DeviceObject.swift */ = {isa = PBXFileReference; lastKnownFileType = sourcecode.swift; path = DeviceObject.swift; sourceTree = "<group>"; };
/* End PBXFileReference section */

/* Begin PBXFrameworksBuildPhase section */
		0357FBD4218607A30043A828 /* Frameworks */ = {
			isa = PBXFrameworksBuildPhase;
			buildActionMask = 2147483647;
			files = (
				03E987682194631300189C97 /* NotificationCenter.framework in Frameworks */,
				03E987692194631300189C97 /* UserNotifications.framework in Frameworks */,
				03E9876A2194631300189C97 /* UserNotificationsUI.framework in Frameworks */,
				85919DE721943DCC0026AD28 /* CoreData.framework in Frameworks */,
				CDBCC0BE21C7A85A0014451C /* HealthKit.framework in Frameworks */,
				4B54CBF2759AFFD448783FF0 /* Pods_DewertOkin.framework in Frameworks */,
			);
			runOnlyForDeploymentPostprocessing = 0;
		};
		0357FBEB218607A40043A828 /* Frameworks */ = {
			isa = PBXFrameworksBuildPhase;
			buildActionMask = 2147483647;
			files = (
			);
			runOnlyForDeploymentPostprocessing = 0;
		};
		0357FBF6218607A40043A828 /* Frameworks */ = {
			isa = PBXFrameworksBuildPhase;
			buildActionMask = 2147483647;
			files = (
			);
			runOnlyForDeploymentPostprocessing = 0;
		};
/* End PBXFrameworksBuildPhase section */

/* Begin PBXGroup section */
		0333052121BB346F00603519 /* Bluetooth */ = {
			isa = PBXGroup;
			children = (
				0333052221BB349700603519 /* RemoteControlConfig.swift */,
				0333052421BB34C200603519 /* BluetoothCoordinator.swift */,
				0333052621BB34E800603519 /* BluetoothFlow.swift */,
				033B2E6B21D398EA00971D08 /* BluetoothBackgroundHandler.swift */,
				0333052821BB352200603519 /* Bluetooth.swift */,
				035B860421C536C300A032AE /* BluetoothCentral.swift */,
				035B860621C536CE00A032AE /* BluetoothPeripheral.swift */,
			);
			path = Bluetooth;
			sourceTree = "<group>";
		};
		0357FBCE218607A30043A828 = {
			isa = PBXGroup;
			children = (
				0357FBD9218607A30043A828 /* DewertOkin */,
				0357FBF1218607A40043A828 /* DewertOkinTests */,
				0357FBFC218607A40043A828 /* DewertOkinUITests */,
				0357FBD8218607A30043A828 /* Products */,
				85919DE521943DCC0026AD28 /* Frameworks */,
				0728A444595F93E5F45A6BA1 /* Pods */,
			);
			sourceTree = "<group>";
		};
		0357FBD8218607A30043A828 /* Products */ = {
			isa = PBXGroup;
			children = (
				0357FBD7218607A30043A828 /* DewertOkin.app */,
				0357FBEE218607A40043A828 /* DewertOkinTests.xctest */,
				0357FBF9218607A40043A828 /* DewertOkinUITests.xctest */,
			);
			name = Products;
			sourceTree = "<group>";
		};
		0357FBD9218607A30043A828 /* DewertOkin */ = {
			isa = PBXGroup;
			children = (
				FA19A2F421D36F100032A4E7 /* RFPairing */,
				CDFFC97621C081F3005C5821 /* Health */,
				03AE0EBD21BFB47900CEDC81 /* Pairing Process */,
				0333052121BB346F00603519 /* Bluetooth */,
				03DE1F5A21AEF1E1004F01F3 /* RemoteControl */,
				CD4E7CD921C9900F002D3873 /* Devices */,
				FA397CA621943745000B4912 /* Presets-Reminder-Timer */,
				CD35980E219840EF00B57987 /* Settings and more */,
				0357FBDA218607A30043A828 /* AppDelegate.swift */,
				CD100F4821DE7B9000DBAAB9 /* MainViewController.swift */,
				0357FBE4218607A30043A828 /* Assets.xcassets */,
				0357FBE6218607A30043A828 /* LaunchScreen.storyboard */,
				0357FBE9218607A30043A828 /* Info.plist */,
				CDFFC97321C073D0005C5821 /* DewertOkin.entitlements */,
				0357FBE1218607A30043A828 /* DewertOkin.xcdatamodeld */,
				03E9875D2194483D00189C97 /* PersistenceService.swift */,
			);
			path = DewertOkin;
			sourceTree = "<group>";
		};
		0357FBF1218607A40043A828 /* DewertOkinTests */ = {
			isa = PBXGroup;
			children = (
				0357FBF2218607A40043A828 /* DewertOkinTests.swift */,
				0357FBF4218607A40043A828 /* Info.plist */,
			);
			path = DewertOkinTests;
			sourceTree = "<group>";
		};
		0357FBFC218607A40043A828 /* DewertOkinUITests */ = {
			isa = PBXGroup;
			children = (
				0357FBFD218607A40043A828 /* DewertOkinUITests.swift */,
				0357FBFF218607A40043A828 /* Info.plist */,
			);
			path = DewertOkinUITests;
			sourceTree = "<group>";
		};
		03AE0EBD21BFB47900CEDC81 /* Pairing Process */ = {
			isa = PBXGroup;
			children = (
				03AE0EBF21BFB4EA00CEDC81 /* BluetoothPairing.storyboard */,
				03AE0EBE21BFB4EA00CEDC81 /* BluetoothPairingViewController.swift */,
				03CCD9EC21CB8494007D6109 /* BluetoothPairingConnectViewController.swift */,
			);
			path = "Pairing Process";
			sourceTree = "<group>";
		};
		03DE1F5A21AEF1E1004F01F3 /* RemoteControl */ = {
			isa = PBXGroup;
			children = (
				FA2C9CFC21AF28E20018545A /* SecondRemote.storyboard */,
				FAC415AE21DF60E900F4B5AC /* RemoteAnalyzer.swift */,
				CDB5B11521B5B9FE000D92A4 /* OldRemote.storyboard */,
				FAE52D3F21D7B80200121B54 /* pullUpSegue.swift */,
				FAE52D3721D784F400121B54 /* DeviceStyle.swift */,
				FAE52D4F21DA485500121B54 /* DeviceObject.swift */,
				CDB5B11721B5BA38000D92A4 /* OldRemoteViewController.swift */,
				FAE52D4121D7BE0B00121B54 /* RemoteController */,
				FAE52D4821D902E600121B54 /* ExtraFunctionsController */,
				FAE52D4921D9099300121B54 /* PresetsController */,
				FAE52D4C21D924AF00121B54 /* AddPresetController */,
			);
			path = RemoteControl;
			sourceTree = "<group>";
		};
		0728A444595F93E5F45A6BA1 /* Pods */ = {
			isa = PBXGroup;
			children = (
				B0FFC79E97882B928D61CF45 /* Pods-DewertOkin.debug.xcconfig */,
				66B96800A32AF456A1DA4FEE /* Pods-DewertOkin.release.xcconfig */,
			);
			name = Pods;
			sourceTree = "<group>";
		};
		85919DE521943DCC0026AD28 /* Frameworks */ = {
			isa = PBXGroup;
			children = (
				CDBCC0BD21C7A85A0014451C /* HealthKit.framework */,
				03E987652194631300189C97 /* NotificationCenter.framework */,
				03E987662194631300189C97 /* UserNotifications.framework */,
				03E987672194631300189C97 /* UserNotificationsUI.framework */,
				85919DE621943DCC0026AD28 /* CoreData.framework */,
				760ACA889C33095547297AF1 /* Pods_DewertOkin.framework */,
			);
			name = Frameworks;
			sourceTree = "<group>";
		};
		CD35980E219840EF00B57987 /* Settings and more */ = {
			isa = PBXGroup;
			children = (
				CD94528C219C3D5F00280A66 /* Accessories */,
				CD94528B219C3D3B00280A66 /* Settings */,
				CD94528A219C3D2800280A66 /* Achievements */,
				CDFFC96B21C04372005C5821 /* NearestVendor.storyboard */,
				CDFFC96D21C0438E005C5821 /* NearestVendorViewController.swift */,
				CDFFC96F21C04776005C5821 /* OkinStore.swift */,
			);
			path = "Settings and more";
			sourceTree = "<group>";
		};
		CD4E7CD921C9900F002D3873 /* Devices */ = {
			isa = PBXGroup;
			children = (
				031CC45421DE43C20025E068 /* Devices.storyboard */,
				031CC45221DE43B80025E068 /* DevicesListViewController.swift */,
				034E67C921DF960400E70F88 /* DevicesListCustomCell.swift */,
				0370112521E33D2100459A51 /* DevicesListTableViewExtension.swift */,
			);
			path = Devices;
			sourceTree = "<group>";
		};
		CD94528A219C3D2800280A66 /* Achievements */ = {
			isa = PBXGroup;
			children = (
				FAD177E92191C3D70031E4E3 /* AchievementsTableViewController.swift */,
				CD3397D021B2B0AF00D749FA /* Achievement.swift */,
				CD945288219C3D0D00280A66 /* AchievementsStoryboard.storyboard */,
				CD83CAF721A340230082475B /* AchievementsTableViewCell.swift */,
				CD3397CC21B2A8A200D749FA /* AchievementModel.swift */,
				CDD35A6321B2F5C7006B35FB /* AchievementType.swift */,
			);
			path = Achievements;
			sourceTree = "<group>";
		};
		CD94528B219C3D3B00280A66 /* Settings */ = {
			isa = PBXGroup;
			children = (
				CD55480D2191BE4F00182CE0 /* SettingTableViewController.swift */,
				CD55480B2191BDE300182CE0 /* SettingsMore.storyboard */,
			);
			path = Settings;
			sourceTree = "<group>";
		};
		CD94528C219C3D5F00280A66 /* Accessories */ = {
			isa = PBXGroup;
			children = (
				CD94528D219C3D9100280A66 /* AccessoriesStoryboard.storyboard */,
				CDC3FDEC21A48C8500EFF523 /* SectionTableViewCell.swift */,
				CDC3FDEA21A47AFA00EFF523 /* AccessorieTableViewCell.swift */,
				CD945293219C429400280A66 /* Accessorie.swift */,
				CDC3FDE821A479F600EFF523 /* AccessoriesTableViewController.swift */,
			);
			path = Accessories;
			sourceTree = "<group>";
		};
		CDFFC97621C081F3005C5821 /* Health */ = {
			isa = PBXGroup;
			children = (
				CDFFC97421C07C8B005C5821 /* Health.swift */,
				CD7D582321E7FF35001C9CA6 /* HealthTableViewController.swift */,
				CD7D582521E8FC62001C9CA6 /* AddReminderViewController.swift */,
				CD97E83D21D68CFF009C64E4 /* HealthViewController.swift */,
				CD100F5021E21F2B00DBAAB9 /* ActivityTracker.swift */,
				CD100F5221E368B500DBAAB9 /* ActivityTracker+Helpers.swift */,
			);
			path = Health;
			sourceTree = "<group>";
		};
		FA09D16921A35AAE0062C6E6 /* Timer */ = {
			isa = PBXGroup;
			children = (
				031EE20321A2EEB600E9E91E /* Timer+CoreDataClass.swift */,
				031EE20421A2EEB600E9E91E /* Timer+CoreDataProperties.swift */,
				CD97E84221D94250009C64E4 /* NewTimerTableViewController.swift */,
				CD97E84421D986A4009C64E4 /* NewTimerListTableViewController.swift */,
				CD100F4A21DFC89100DBAAB9 /* AlarmViewController.swift */,
				CD100F4E21E0239500DBAAB9 /* AlarmCreation.swift */,
				CD100F4C21DFF25400DBAAB9 /* ExecutingPresetViewController.swift */,
			);
			path = Timer;
			sourceTree = "<group>";
		};
		FA09D16A21A35AC30062C6E6 /* Reminder */ = {
			isa = PBXGroup;
			children = (
				03E98763219452D300189C97 /* Reminder.storyboard */,
				FA187F44219C25E700DE3BC0 /* addReminder.swift */,
				03E9875B219447E000189C97 /* Reminders.swift */,
			);
			path = Reminder;
			sourceTree = "<group>";
		};
		FA19A2F421D36F100032A4E7 /* RFPairing */ = {
			isa = PBXGroup;
			children = (
				FA19A2FB21D3722D0032A4E7 /* handsender1.csv */,
				FA19A2F521D370900032A4E7 /* RFPairingController1.swift */,
				FA19A2F721D370AE0032A4E7 /* RFPairing.storyboard */,
				FA19A2F921D370CE0032A4E7 /* CSVReader.swift */,
				FA19A2FF21D527500032A4E7 /* rotationTransition.swift */,
				FAE52D3121D5562700121B54 /* RFPairingController2.swift */,
				FAE52D3321D556DB00121B54 /* RFPairingController3.swift */,
				FAE52D3521D6B54800121B54 /* Remote.swift */,
			);
			path = RFPairing;
			sourceTree = "<group>";
		};
		FA397CA621943745000B4912 /* Presets-Reminder-Timer */ = {
			isa = PBXGroup;
			children = (
				FA09D16921A35AAE0062C6E6 /* Timer */,
				FA09D16A21A35AC30062C6E6 /* Reminder */,
			);
			path = "Presets-Reminder-Timer";
			sourceTree = "<group>";
		};
		FAE52D4121D7BE0B00121B54 /* RemoteController */ = {
			isa = PBXGroup;
			children = (
				FABC760E21B03592003BEF66 /* RemoteController.swift */,
				FAE52D3D21D7935700121B54 /* RemoteControllerExtensionBLE.swift */,
				FAE52D3921D78BA100121B54 /* RemoteControllerExtension.swift */,
				FAE52D3B21D7929800121B54 /* RemoteControllerExtensionDarkMode.swift */,
			);
			path = RemoteController;
			sourceTree = "<group>";
		};
		FAE52D4821D902E600121B54 /* ExtraFunctionsController */ = {
			isa = PBXGroup;
			children = (
				FAE52D4421D7BEBF00121B54 /* ExtraFunctionsController.swift */,
				FAE52D4621D902E000121B54 /* ExtraFunctionsControllerExtension.swift */,
			);
			path = ExtraFunctionsController;
			sourceTree = "<group>";
		};
		FAE52D4921D9099300121B54 /* PresetsController */ = {
			isa = PBXGroup;
			children = (
				FAE52D4221D7BE5400121B54 /* PresetsController.swift */,
				CDCBA82121EBD97D006BF55F /* NewPresetsController.swift */,
				FAE52D4A21D909BD00121B54 /* PresetsControllerExtension.swift */,
			);
			path = PresetsController;
			sourceTree = "<group>";
		};
		FAE52D4C21D924AF00121B54 /* AddPresetController */ = {
			isa = PBXGroup;
			children = (
				FAE52D4D21D924D400121B54 /* AddPresetController.swift */,
			);
			path = AddPresetController;
			sourceTree = "<group>";
		};
/* End PBXGroup section */

/* Begin PBXNativeTarget section */
		0357FBD6218607A30043A828 /* DewertOkin */ = {
			isa = PBXNativeTarget;
			buildConfigurationList = 0357FC02218607A40043A828 /* Build configuration list for PBXNativeTarget "DewertOkin" */;
			buildPhases = (
				073BC044C20DB266B17371E1 /* [CP] Check Pods Manifest.lock */,
				0357FBD3218607A30043A828 /* Sources */,
				0357FBD4218607A30043A828 /* Frameworks */,
				0357FBD5218607A30043A828 /* Resources */,
				F196D7BB51A2116E85875D76 /* [CP] Embed Pods Frameworks */,
			);
			buildRules = (
			);
			dependencies = (
			);
			name = DewertOkin;
			productName = DewertOkin;
			productReference = 0357FBD7218607A30043A828 /* DewertOkin.app */;
			productType = "com.apple.product-type.application";
		};
		0357FBED218607A40043A828 /* DewertOkinTests */ = {
			isa = PBXNativeTarget;
			buildConfigurationList = 0357FC05218607A40043A828 /* Build configuration list for PBXNativeTarget "DewertOkinTests" */;
			buildPhases = (
				0357FBEA218607A40043A828 /* Sources */,
				0357FBEB218607A40043A828 /* Frameworks */,
				0357FBEC218607A40043A828 /* Resources */,
			);
			buildRules = (
			);
			dependencies = (
				0357FBF0218607A40043A828 /* PBXTargetDependency */,
			);
			name = DewertOkinTests;
			productName = DewertOkinTests;
			productReference = 0357FBEE218607A40043A828 /* DewertOkinTests.xctest */;
			productType = "com.apple.product-type.bundle.unit-test";
		};
		0357FBF8218607A40043A828 /* DewertOkinUITests */ = {
			isa = PBXNativeTarget;
			buildConfigurationList = 0357FC08218607A40043A828 /* Build configuration list for PBXNativeTarget "DewertOkinUITests" */;
			buildPhases = (
				0357FBF5218607A40043A828 /* Sources */,
				0357FBF6218607A40043A828 /* Frameworks */,
				0357FBF7218607A40043A828 /* Resources */,
			);
			buildRules = (
			);
			dependencies = (
				0357FBFB218607A40043A828 /* PBXTargetDependency */,
			);
			name = DewertOkinUITests;
			productName = DewertOkinUITests;
			productReference = 0357FBF9218607A40043A828 /* DewertOkinUITests.xctest */;
			productType = "com.apple.product-type.bundle.ui-testing";
		};
/* End PBXNativeTarget section */

/* Begin PBXProject section */
		0357FBCF218607A30043A828 /* Project object */ = {
			isa = PBXProject;
			attributes = {
				LastSwiftUpdateCheck = 1000;
				LastUpgradeCheck = 1010;
				ORGANIZATIONNAME = "Team DewertOkin";
				TargetAttributes = {
					0357FBD6218607A30043A828 = {
						CreatedOnToolsVersion = 10.0;
						SystemCapabilities = {
							com.apple.BackgroundModes = {
								enabled = 1;
							};
							com.apple.HealthKit = {
								enabled = 1;
							};
							com.apple.Siri = {
								enabled = 0;
							};
						};
					};
					0357FBED218607A40043A828 = {
						CreatedOnToolsVersion = 10.0;
						TestTargetID = 0357FBD6218607A30043A828;
					};
					0357FBF8218607A40043A828 = {
						CreatedOnToolsVersion = 10.0;
						TestTargetID = 0357FBD6218607A30043A828;
					};
				};
			};
			buildConfigurationList = 0357FBD2218607A30043A828 /* Build configuration list for PBXProject "DewertOkin" */;
			compatibilityVersion = "Xcode 9.3";
			developmentRegion = en;
			hasScannedForEncodings = 0;
			knownRegions = (
				en,
				Base,
			);
			mainGroup = 0357FBCE218607A30043A828;
			productRefGroup = 0357FBD8218607A30043A828 /* Products */;
			projectDirPath = "";
			projectRoot = "";
			targets = (
				0357FBD6218607A30043A828 /* DewertOkin */,
				0357FBED218607A40043A828 /* DewertOkinTests */,
				0357FBF8218607A40043A828 /* DewertOkinUITests */,
			);
		};
/* End PBXProject section */

/* Begin PBXResourcesBuildPhase section */
		0357FBD5218607A30043A828 /* Resources */ = {
			isa = PBXResourcesBuildPhase;
			buildActionMask = 2147483647;
			files = (
				031CC45521DE43C20025E068 /* Devices.storyboard in Resources */,
				0357FBE8218607A30043A828 /* LaunchScreen.storyboard in Resources */,
				03E98764219452D300189C97 /* Reminder.storyboard in Resources */,
				0357FBE5218607A30043A828 /* Assets.xcassets in Resources */,
				CD55480C2191BDE300182CE0 /* SettingsMore.storyboard in Resources */,
				CDB5B11621B5B9FE000D92A4 /* OldRemote.storyboard in Resources */,
				FA19A2FC21D3722D0032A4E7 /* handsender1.csv in Resources */,
				FA2C9CFD21AF28E20018545A /* SecondRemote.storyboard in Resources */,
				CDFFC96C21C04372005C5821 /* NearestVendor.storyboard in Resources */,
				03AE0EC121BFB4EA00CEDC81 /* BluetoothPairing.storyboard in Resources */,
				FA19A2F821D370AE0032A4E7 /* RFPairing.storyboard in Resources */,
				CD945289219C3D0D00280A66 /* AchievementsStoryboard.storyboard in Resources */,
				CD94528E219C3D9100280A66 /* AccessoriesStoryboard.storyboard in Resources */,
			);
			runOnlyForDeploymentPostprocessing = 0;
		};
		0357FBEC218607A40043A828 /* Resources */ = {
			isa = PBXResourcesBuildPhase;
			buildActionMask = 2147483647;
			files = (
			);
			runOnlyForDeploymentPostprocessing = 0;
		};
		0357FBF7218607A40043A828 /* Resources */ = {
			isa = PBXResourcesBuildPhase;
			buildActionMask = 2147483647;
			files = (
			);
			runOnlyForDeploymentPostprocessing = 0;
		};
/* End PBXResourcesBuildPhase section */

/* Begin PBXShellScriptBuildPhase section */
		073BC044C20DB266B17371E1 /* [CP] Check Pods Manifest.lock */ = {
			isa = PBXShellScriptBuildPhase;
			buildActionMask = 2147483647;
			files = (
			);
			inputFileListPaths = (
			);
			inputPaths = (
				"${PODS_PODFILE_DIR_PATH}/Podfile.lock",
				"${PODS_ROOT}/Manifest.lock",
			);
			name = "[CP] Check Pods Manifest.lock";
			outputFileListPaths = (
			);
			outputPaths = (
				"$(DERIVED_FILE_DIR)/Pods-DewertOkin-checkManifestLockResult.txt",
			);
			runOnlyForDeploymentPostprocessing = 0;
			shellPath = /bin/sh;
			shellScript = "diff \"${PODS_PODFILE_DIR_PATH}/Podfile.lock\" \"${PODS_ROOT}/Manifest.lock\" > /dev/null\nif [ $? != 0 ] ; then\n    # print error to STDERR\n    echo \"error: The sandbox is not in sync with the Podfile.lock. Run 'pod install' or update your CocoaPods installation.\" >&2\n    exit 1\nfi\n# This output is used by Xcode 'outputs' to avoid re-running this script phase.\necho \"SUCCESS\" > \"${SCRIPT_OUTPUT_FILE_0}\"\n";
			showEnvVarsInLog = 0;
		};
		F196D7BB51A2116E85875D76 /* [CP] Embed Pods Frameworks */ = {
			isa = PBXShellScriptBuildPhase;
			buildActionMask = 2147483647;
			files = (
			);
			inputFileListPaths = (
			);
			inputPaths = (
				"${SRCROOT}/Pods/Target Support Files/Pods-DewertOkin/Pods-DewertOkin-frameworks.sh",
				"${BUILT_PRODUCTS_DIR}/Charts/Charts.framework",
			);
			name = "[CP] Embed Pods Frameworks";
			outputFileListPaths = (
			);
			outputPaths = (
				"${TARGET_BUILD_DIR}/${FRAMEWORKS_FOLDER_PATH}/Charts.framework",
			);
			runOnlyForDeploymentPostprocessing = 0;
			shellPath = /bin/sh;
			shellScript = "\"${SRCROOT}/Pods/Target Support Files/Pods-DewertOkin/Pods-DewertOkin-frameworks.sh\"\n";
			showEnvVarsInLog = 0;
		};
/* End PBXShellScriptBuildPhase section */

/* Begin PBXSourcesBuildPhase section */
		0357FBD3218607A30043A828 /* Sources */ = {
			isa = PBXSourcesBuildPhase;
			buildActionMask = 2147483647;
			files = (
				CD100F4721DB973200DBAAB9 /* BluetoothPairingConnectViewController.swift in Sources */,
				CD55480E2191BE4F00182CE0 /* SettingTableViewController.swift in Sources */,
				FAE52D3C21D7929800121B54 /* RemoteControllerExtensionDarkMode.swift in Sources */,
				CD3397CD21B2A8A200D749FA /* AchievementModel.swift in Sources */,
				FAE52D3221D5562700121B54 /* RFPairingController2.swift in Sources */,
				034E67CA21DF960400E70F88 /* DevicesListCustomCell.swift in Sources */,
				CD3397D121B2B0AF00D749FA /* Achievement.swift in Sources */,
				FAE52D3821D784F400121B54 /* DeviceStyle.swift in Sources */,
				CD100F5321E368B500DBAAB9 /* ActivityTracker+Helpers.swift in Sources */,
				CD945294219C429400280A66 /* Accessorie.swift in Sources */,
				FA187F45219C25E700DE3BC0 /* addReminder.swift in Sources */,
				CDFFC97021C04776005C5821 /* OkinStore.swift in Sources */,
				FAE52D3E21D7935700121B54 /* RemoteControllerExtensionBLE.swift in Sources */,
				CD100F4F21E0239600DBAAB9 /* AlarmCreation.swift in Sources */,
				CDB5B11821B5BA38000D92A4 /* OldRemoteViewController.swift in Sources */,
				031EE20521A2EEB600E9E91E /* Timer+CoreDataClass.swift in Sources */,
				03AE0EC021BFB4EA00CEDC81 /* BluetoothPairingViewController.swift in Sources */,
				FAE52D3621D6B54800121B54 /* Remote.swift in Sources */,
				03E9875E2194483D00189C97 /* PersistenceService.swift in Sources */,
				0370112621E33D2100459A51 /* DevicesListTableViewExtension.swift in Sources */,
				CDC3FDE921A479F600EFF523 /* AccessoriesTableViewController.swift in Sources */,
				CD97E84521D986A4009C64E4 /* NewTimerListTableViewController.swift in Sources */,
				CD83CAF821A340230082475B /* AchievementsTableViewCell.swift in Sources */,
				CDD35A6421B2F5C7006B35FB /* AchievementType.swift in Sources */,
				033B2E6C21D398EA00971D08 /* BluetoothBackgroundHandler.swift in Sources */,
				FAE52D4521D7BEBF00121B54 /* ExtraFunctionsController.swift in Sources */,
				FAE52D4E21D924D400121B54 /* AddPresetController.swift in Sources */,
				FA19A2F621D370900032A4E7 /* RFPairingController1.swift in Sources */,
				FA19A2FA21D370CE0032A4E7 /* CSVReader.swift in Sources */,
				0333052721BB34E800603519 /* BluetoothFlow.swift in Sources */,
				0357FBE3218607A30043A828 /* DewertOkin.xcdatamodeld in Sources */,
				031EE20621A2EEB600E9E91E /* Timer+CoreDataProperties.swift in Sources */,
				031CC45321DE43B80025E068 /* DevicesListViewController.swift in Sources */,
				CD97E84321D94250009C64E4 /* NewTimerTableViewController.swift in Sources */,
				FAE52D5021DA485500121B54 /* DeviceObject.swift in Sources */,
				FAE52D4321D7BE5400121B54 /* PresetsController.swift in Sources */,
				CDC3FDEB21A47AFA00EFF523 /* AccessorieTableViewCell.swift in Sources */,
				FAE52D3A21D78BA100121B54 /* RemoteControllerExtension.swift in Sources */,
				CD100F5121E21F2B00DBAAB9 /* ActivityTracker.swift in Sources */,
				FABC760F21B03592003BEF66 /* RemoteController.swift in Sources */,
				FA19A30021D527500032A4E7 /* rotationTransition.swift in Sources */,
				CDCBA82221EBD97D006BF55F /* NewPresetsController.swift in Sources */,
				03E9875C219447E000189C97 /* Reminders.swift in Sources */,
				0333052521BB34C200603519 /* BluetoothCoordinator.swift in Sources */,
				035B860721C536CE00A032AE /* BluetoothPeripheral.swift in Sources */,
				FAE52D4B21D909BD00121B54 /* PresetsControllerExtension.swift in Sources */,
				CDC3FDED21A48C8500EFF523 /* SectionTableViewCell.swift in Sources */,
				0333052921BB352200603519 /* Bluetooth.swift in Sources */,
				FAE52D4021D7B80200121B54 /* pullUpSegue.swift in Sources */,
				035B860521C536C300A032AE /* BluetoothCentral.swift in Sources */,
				CD100F4921DE7B9000DBAAB9 /* MainViewController.swift in Sources */,
				0357FBDB218607A30043A828 /* AppDelegate.swift in Sources */,
				CD7D582421E7FF36001C9CA6 /* HealthTableViewController.swift in Sources */,
				FAC415AF21DF60E900F4B5AC /* RemoteAnalyzer.swift in Sources */,
				0333052321BB349700603519 /* RemoteControlConfig.swift in Sources */,
				FAE52D4721D902E000121B54 /* ExtraFunctionsControllerExtension.swift in Sources */,
				CDFFC97521C07C8B005C5821 /* Health.swift in Sources */,
				CD97E83E21D68CFF009C64E4 /* HealthViewController.swift in Sources */,
				FAD177EA2191C3D70031E4E3 /* AchievementsTableViewController.swift in Sources */,
				CD100F4D21DFF25400DBAAB9 /* ExecutingPresetViewController.swift in Sources */,
				FAE52D3421D556DB00121B54 /* RFPairingController3.swift in Sources */,
				CD100F4B21DFC89100DBAAB9 /* AlarmViewController.swift in Sources */,
				CD7D582621E8FC62001C9CA6 /* AddReminderViewController.swift in Sources */,
				CDFFC96E21C0438E005C5821 /* NearestVendorViewController.swift in Sources */,
			);
			runOnlyForDeploymentPostprocessing = 0;
		};
		0357FBEA218607A40043A828 /* Sources */ = {
			isa = PBXSourcesBuildPhase;
			buildActionMask = 2147483647;
			files = (
				0357FBF3218607A40043A828 /* DewertOkinTests.swift in Sources */,
			);
			runOnlyForDeploymentPostprocessing = 0;
		};
		0357FBF5218607A40043A828 /* Sources */ = {
			isa = PBXSourcesBuildPhase;
			buildActionMask = 2147483647;
			files = (
				0357FBFE218607A40043A828 /* DewertOkinUITests.swift in Sources */,
			);
			runOnlyForDeploymentPostprocessing = 0;
		};
/* End PBXSourcesBuildPhase section */

/* Begin PBXTargetDependency section */
		0357FBF0218607A40043A828 /* PBXTargetDependency */ = {
			isa = PBXTargetDependency;
			target = 0357FBD6218607A30043A828 /* DewertOkin */;
			targetProxy = 0357FBEF218607A40043A828 /* PBXContainerItemProxy */;
		};
		0357FBFB218607A40043A828 /* PBXTargetDependency */ = {
			isa = PBXTargetDependency;
			target = 0357FBD6218607A30043A828 /* DewertOkin */;
			targetProxy = 0357FBFA218607A40043A828 /* PBXContainerItemProxy */;
		};
/* End PBXTargetDependency section */

/* Begin PBXVariantGroup section */
		0357FBE6218607A30043A828 /* LaunchScreen.storyboard */ = {
			isa = PBXVariantGroup;
			children = (
				0357FBE7218607A30043A828 /* Base */,
			);
			name = LaunchScreen.storyboard;
			sourceTree = "<group>";
		};
/* End PBXVariantGroup section */

/* Begin XCBuildConfiguration section */
		0357FC00218607A40043A828 /* Debug */ = {
			isa = XCBuildConfiguration;
			buildSettings = {
				ALWAYS_SEARCH_USER_PATHS = NO;
				CLANG_ANALYZER_NONNULL = YES;
				CLANG_ANALYZER_NUMBER_OBJECT_CONVERSION = YES_AGGRESSIVE;
				CLANG_CXX_LANGUAGE_STANDARD = "gnu++14";
				CLANG_CXX_LIBRARY = "libc++";
				CLANG_ENABLE_MODULES = YES;
				CLANG_ENABLE_OBJC_ARC = YES;
				CLANG_ENABLE_OBJC_WEAK = YES;
				CLANG_WARN_BLOCK_CAPTURE_AUTORELEASING = YES;
				CLANG_WARN_BOOL_CONVERSION = YES;
				CLANG_WARN_COMMA = YES;
				CLANG_WARN_CONSTANT_CONVERSION = YES;
				CLANG_WARN_DEPRECATED_OBJC_IMPLEMENTATIONS = YES;
				CLANG_WARN_DIRECT_OBJC_ISA_USAGE = YES_ERROR;
				CLANG_WARN_DOCUMENTATION_COMMENTS = YES;
				CLANG_WARN_EMPTY_BODY = YES;
				CLANG_WARN_ENUM_CONVERSION = YES;
				CLANG_WARN_INFINITE_RECURSION = YES;
				CLANG_WARN_INT_CONVERSION = YES;
				CLANG_WARN_NON_LITERAL_NULL_CONVERSION = YES;
				CLANG_WARN_OBJC_IMPLICIT_RETAIN_SELF = YES;
				CLANG_WARN_OBJC_LITERAL_CONVERSION = YES;
				CLANG_WARN_OBJC_ROOT_CLASS = YES_ERROR;
				CLANG_WARN_RANGE_LOOP_ANALYSIS = YES;
				CLANG_WARN_STRICT_PROTOTYPES = YES;
				CLANG_WARN_SUSPICIOUS_MOVE = YES;
				CLANG_WARN_UNGUARDED_AVAILABILITY = YES_AGGRESSIVE;
				CLANG_WARN_UNREACHABLE_CODE = YES;
				CLANG_WARN__DUPLICATE_METHOD_MATCH = YES;
				CODE_SIGN_IDENTITY = "iPhone Developer";
				COPY_PHASE_STRIP = NO;
				DEBUG_INFORMATION_FORMAT = dwarf;
				ENABLE_STRICT_OBJC_MSGSEND = YES;
				ENABLE_TESTABILITY = YES;
				GCC_C_LANGUAGE_STANDARD = gnu11;
				GCC_DYNAMIC_NO_PIC = NO;
				GCC_NO_COMMON_BLOCKS = YES;
				GCC_OPTIMIZATION_LEVEL = 0;
				GCC_PREPROCESSOR_DEFINITIONS = (
					"DEBUG=1",
					"$(inherited)",
				);
				GCC_WARN_64_TO_32_BIT_CONVERSION = YES;
				GCC_WARN_ABOUT_RETURN_TYPE = YES_ERROR;
				GCC_WARN_UNDECLARED_SELECTOR = YES;
				GCC_WARN_UNINITIALIZED_AUTOS = YES_AGGRESSIVE;
				GCC_WARN_UNUSED_FUNCTION = YES;
				GCC_WARN_UNUSED_VARIABLE = YES;
				IPHONEOS_DEPLOYMENT_TARGET = 12.0;
				MTL_ENABLE_DEBUG_INFO = INCLUDE_SOURCE;
				MTL_FAST_MATH = YES;
				ONLY_ACTIVE_ARCH = YES;
				SDKROOT = iphoneos;
				SWIFT_ACTIVE_COMPILATION_CONDITIONS = DEBUG;
				SWIFT_OPTIMIZATION_LEVEL = "-Onone";
			};
			name = Debug;
		};
		0357FC01218607A40043A828 /* Release */ = {
			isa = XCBuildConfiguration;
			buildSettings = {
				ALWAYS_SEARCH_USER_PATHS = NO;
				CLANG_ANALYZER_NONNULL = YES;
				CLANG_ANALYZER_NUMBER_OBJECT_CONVERSION = YES_AGGRESSIVE;
				CLANG_CXX_LANGUAGE_STANDARD = "gnu++14";
				CLANG_CXX_LIBRARY = "libc++";
				CLANG_ENABLE_MODULES = YES;
				CLANG_ENABLE_OBJC_ARC = YES;
				CLANG_ENABLE_OBJC_WEAK = YES;
				CLANG_WARN_BLOCK_CAPTURE_AUTORELEASING = YES;
				CLANG_WARN_BOOL_CONVERSION = YES;
				CLANG_WARN_COMMA = YES;
				CLANG_WARN_CONSTANT_CONVERSION = YES;
				CLANG_WARN_DEPRECATED_OBJC_IMPLEMENTATIONS = YES;
				CLANG_WARN_DIRECT_OBJC_ISA_USAGE = YES_ERROR;
				CLANG_WARN_DOCUMENTATION_COMMENTS = YES;
				CLANG_WARN_EMPTY_BODY = YES;
				CLANG_WARN_ENUM_CONVERSION = YES;
				CLANG_WARN_INFINITE_RECURSION = YES;
				CLANG_WARN_INT_CONVERSION = YES;
				CLANG_WARN_NON_LITERAL_NULL_CONVERSION = YES;
				CLANG_WARN_OBJC_IMPLICIT_RETAIN_SELF = YES;
				CLANG_WARN_OBJC_LITERAL_CONVERSION = YES;
				CLANG_WARN_OBJC_ROOT_CLASS = YES_ERROR;
				CLANG_WARN_RANGE_LOOP_ANALYSIS = YES;
				CLANG_WARN_STRICT_PROTOTYPES = YES;
				CLANG_WARN_SUSPICIOUS_MOVE = YES;
				CLANG_WARN_UNGUARDED_AVAILABILITY = YES_AGGRESSIVE;
				CLANG_WARN_UNREACHABLE_CODE = YES;
				CLANG_WARN__DUPLICATE_METHOD_MATCH = YES;
				CODE_SIGN_IDENTITY = "iPhone Developer";
				COPY_PHASE_STRIP = NO;
				DEBUG_INFORMATION_FORMAT = "dwarf-with-dsym";
				ENABLE_NS_ASSERTIONS = NO;
				ENABLE_STRICT_OBJC_MSGSEND = YES;
				GCC_C_LANGUAGE_STANDARD = gnu11;
				GCC_NO_COMMON_BLOCKS = YES;
				GCC_WARN_64_TO_32_BIT_CONVERSION = YES;
				GCC_WARN_ABOUT_RETURN_TYPE = YES_ERROR;
				GCC_WARN_UNDECLARED_SELECTOR = YES;
				GCC_WARN_UNINITIALIZED_AUTOS = YES_AGGRESSIVE;
				GCC_WARN_UNUSED_FUNCTION = YES;
				GCC_WARN_UNUSED_VARIABLE = YES;
				IPHONEOS_DEPLOYMENT_TARGET = 12.0;
				MTL_ENABLE_DEBUG_INFO = NO;
				MTL_FAST_MATH = YES;
				SDKROOT = iphoneos;
				SWIFT_COMPILATION_MODE = wholemodule;
				SWIFT_OPTIMIZATION_LEVEL = "-O";
				VALIDATE_PRODUCT = YES;
			};
			name = Release;
		};
		0357FC03218607A40043A828 /* Debug */ = {
			isa = XCBuildConfiguration;
			baseConfigurationReference = B0FFC79E97882B928D61CF45 /* Pods-DewertOkin.debug.xcconfig */;
			buildSettings = {
				ASSETCATALOG_COMPILER_APPICON_NAME = AppIcon;
				CODE_SIGN_ENTITLEMENTS = DewertOkin/DewertOkin.entitlements;
				CODE_SIGN_STYLE = Automatic;
				DEVELOPMENT_TEAM = BZ5S3LC6UW;
				INFOPLIST_FILE = DewertOkin/Info.plist;
				IPHONEOS_DEPLOYMENT_TARGET = 11.0;
				LD_RUNPATH_SEARCH_PATHS = (
					"$(inherited)",
					"@executable_path/Frameworks",
				);
				PRODUCT_BUNDLE_IDENTIFIER = com.project.DewertOkinMLab2018;
				PRODUCT_NAME = "$(TARGET_NAME)";
				SWIFT_VERSION = 4.2;
				TARGETED_DEVICE_FAMILY = "1,2";
			};
			name = Debug;
		};
		0357FC04218607A40043A828 /* Release */ = {
			isa = XCBuildConfiguration;
			baseConfigurationReference = 66B96800A32AF456A1DA4FEE /* Pods-DewertOkin.release.xcconfig */;
			buildSettings = {
				ASSETCATALOG_COMPILER_APPICON_NAME = AppIcon;
				CODE_SIGN_ENTITLEMENTS = DewertOkin/DewertOkin.entitlements;
				CODE_SIGN_STYLE = Automatic;
				DEVELOPMENT_TEAM = BZ5S3LC6UW;
				INFOPLIST_FILE = DewertOkin/Info.plist;
				IPHONEOS_DEPLOYMENT_TARGET = 11.0;
				LD_RUNPATH_SEARCH_PATHS = (
					"$(inherited)",
					"@executable_path/Frameworks",
				);
				PRODUCT_BUNDLE_IDENTIFIER = com.project.DewertOkinMLab2018;
				PRODUCT_NAME = "$(TARGET_NAME)";
				SWIFT_VERSION = 4.2;
				TARGETED_DEVICE_FAMILY = "1,2";
			};
			name = Release;
		};
		0357FC06218607A40043A828 /* Debug */ = {
			isa = XCBuildConfiguration;
			buildSettings = {
				ALWAYS_EMBED_SWIFT_STANDARD_LIBRARIES = YES;
				BUNDLE_LOADER = "$(TEST_HOST)";
				CODE_SIGN_STYLE = Automatic;
				INFOPLIST_FILE = DewertOkinTests/Info.plist;
				LD_RUNPATH_SEARCH_PATHS = (
					"$(inherited)",
					"@executable_path/Frameworks",
					"@loader_path/Frameworks",
				);
				PRODUCT_BUNDLE_IDENTIFIER = com.project.DewertOkinTests;
				PRODUCT_NAME = "$(TARGET_NAME)";
				SWIFT_VERSION = 4.2;
				TARGETED_DEVICE_FAMILY = "1,2";
				TEST_HOST = "$(BUILT_PRODUCTS_DIR)/DewertOkin.app/DewertOkin";
			};
			name = Debug;
		};
		0357FC07218607A40043A828 /* Release */ = {
			isa = XCBuildConfiguration;
			buildSettings = {
				ALWAYS_EMBED_SWIFT_STANDARD_LIBRARIES = YES;
				BUNDLE_LOADER = "$(TEST_HOST)";
				CODE_SIGN_STYLE = Automatic;
				INFOPLIST_FILE = DewertOkinTests/Info.plist;
				LD_RUNPATH_SEARCH_PATHS = (
					"$(inherited)",
					"@executable_path/Frameworks",
					"@loader_path/Frameworks",
				);
				PRODUCT_BUNDLE_IDENTIFIER = com.project.DewertOkinTests;
				PRODUCT_NAME = "$(TARGET_NAME)";
				SWIFT_VERSION = 4.2;
				TARGETED_DEVICE_FAMILY = "1,2";
				TEST_HOST = "$(BUILT_PRODUCTS_DIR)/DewertOkin.app/DewertOkin";
			};
			name = Release;
		};
		0357FC09218607A40043A828 /* Debug */ = {
			isa = XCBuildConfiguration;
			buildSettings = {
				ALWAYS_EMBED_SWIFT_STANDARD_LIBRARIES = YES;
				CODE_SIGN_STYLE = Automatic;
				INFOPLIST_FILE = DewertOkinUITests/Info.plist;
				LD_RUNPATH_SEARCH_PATHS = (
					"$(inherited)",
					"@executable_path/Frameworks",
					"@loader_path/Frameworks",
				);
				PRODUCT_BUNDLE_IDENTIFIER = com.project.DewertOkinUITests;
				PRODUCT_NAME = "$(TARGET_NAME)";
				SWIFT_VERSION = 4.2;
				TARGETED_DEVICE_FAMILY = "1,2";
				TEST_TARGET_NAME = DewertOkin;
			};
			name = Debug;
		};
		0357FC0A218607A40043A828 /* Release */ = {
			isa = XCBuildConfiguration;
			buildSettings = {
				ALWAYS_EMBED_SWIFT_STANDARD_LIBRARIES = YES;
				CODE_SIGN_STYLE = Automatic;
				INFOPLIST_FILE = DewertOkinUITests/Info.plist;
				LD_RUNPATH_SEARCH_PATHS = (
					"$(inherited)",
					"@executable_path/Frameworks",
					"@loader_path/Frameworks",
				);
				PRODUCT_BUNDLE_IDENTIFIER = com.project.DewertOkinUITests;
				PRODUCT_NAME = "$(TARGET_NAME)";
				SWIFT_VERSION = 4.2;
				TARGETED_DEVICE_FAMILY = "1,2";
				TEST_TARGET_NAME = DewertOkin;
			};
			name = Release;
		};
/* End XCBuildConfiguration section */

/* Begin XCConfigurationList section */
		0357FBD2218607A30043A828 /* Build configuration list for PBXProject "DewertOkin" */ = {
			isa = XCConfigurationList;
			buildConfigurations = (
				0357FC00218607A40043A828 /* Debug */,
				0357FC01218607A40043A828 /* Release */,
			);
			defaultConfigurationIsVisible = 0;
			defaultConfigurationName = Release;
		};
		0357FC02218607A40043A828 /* Build configuration list for PBXNativeTarget "DewertOkin" */ = {
			isa = XCConfigurationList;
			buildConfigurations = (
				0357FC03218607A40043A828 /* Debug */,
				0357FC04218607A40043A828 /* Release */,
			);
			defaultConfigurationIsVisible = 0;
			defaultConfigurationName = Release;
		};
		0357FC05218607A40043A828 /* Build configuration list for PBXNativeTarget "DewertOkinTests" */ = {
			isa = XCConfigurationList;
			buildConfigurations = (
				0357FC06218607A40043A828 /* Debug */,
				0357FC07218607A40043A828 /* Release */,
			);
			defaultConfigurationIsVisible = 0;
			defaultConfigurationName = Release;
		};
		0357FC08218607A40043A828 /* Build configuration list for PBXNativeTarget "DewertOkinUITests" */ = {
			isa = XCConfigurationList;
			buildConfigurations = (
				0357FC09218607A40043A828 /* Debug */,
				0357FC0A218607A40043A828 /* Release */,
			);
			defaultConfigurationIsVisible = 0;
			defaultConfigurationName = Release;
		};
/* End XCConfigurationList section */

/* Begin XCVersionGroup section */
		0357FBE1218607A30043A828 /* DewertOkin.xcdatamodeld */ = {
			isa = XCVersionGroup;
			children = (
				0357FBE2218607A30043A828 /* DewertOkin.xcdatamodel */,
			);
			currentVersion = 0357FBE2218607A30043A828 /* DewertOkin.xcdatamodel */;
			path = DewertOkin.xcdatamodeld;
			sourceTree = "<group>";
			versionGroupType = wrapper.xcdatamodel;
		};
/* End XCVersionGroup section */
	};
	rootObject = 0357FBCF218607A30043A828 /* Project object */;
}
